
Microsoft Visual Studio Solution File, Format Version 12.00
# Visual Studio Version 17
VisualStudioVersion = 17.12.35707.178 d17.12
MinimumVisualStudioVersion = 10.0.40219.1
Project("{FAE04EC0-301F-11D3-BF4B-00C04F79EFBC}") = "ch12-classes-demo", "ch12-classes-demo.csproj", "{83CA0F08-6E88-4B68-A61B-D65268B3AE9E}"
EndProject
Global
	GlobalSection(SolutionConfigurationPlatforms) = preSolution
		Debug|Any CPU = Debug|Any CPU
		Release|Any CPU = Release|Any CPU
	EndGlobalSection
	GlobalSection(ProjectConfigurationPlatforms) = postSolution
		{83CA0F08-6E88-4B68-A61B-D65268B3AE9E}.Debug|Any CPU.ActiveCfg = Debug|Any CPU
		{83CA0F08-6E88-4B68-A61B-D65268B3AE9E}.Debug|Any CPU.Build.0 = Debug|Any CPU
		{83CA0F08-6E88-4B68-A61B-D65268B3AE9E}.Release|Any CPU.ActiveCfg = Release|Any CPU
		{83CA0F08-6E88-4B68-A61B-D65268B3AE9E}.Release|Any CPU.Build.0 = Release|Any CPU
	EndGlobalSection
	GlobalSection(SolutionProperties) = preSolution
		HideSolutionNode = FALSE
	EndGlobalSection
EndGlobal
