
Microsoft Visual Studio Solution File, Format Version 12.00
# Visual Studio Version 17
VisualStudioVersion = 17.12.35707.178 d17.12
MinimumVisualStudioVersion = 10.0.40219.1
Project("{FAE04EC0-301F-11D3-BF4B-00C04F79EFBC}") = "ch7-proj3-guessinggame-withclasses", "ch7-proj3-guessinggame-withclasses.csproj", "{78A31E9F-CBE2-4989-B58F-9E78402BC596}"
EndProject
Global
	GlobalSection(SolutionConfigurationPlatforms) = preSolution
		Debug|Any CPU = Debug|Any CPU
		Release|Any CPU = Release|Any CPU
	EndGlobalSection
	GlobalSection(ProjectConfigurationPlatforms) = postSolution
		{78A31E9F-CBE2-4989-B58F-9E78402BC596}.Debug|Any CPU.ActiveCfg = Debug|Any CPU
		{78A31E9F-CBE2-4989-B58F-9E78402BC596}.Debug|Any CPU.Build.0 = Debug|Any CPU
		{78A31E9F-CBE2-4989-B58F-9E78402BC596}.Release|Any CPU.ActiveCfg = Release|Any CPU
		{78A31E9F-CBE2-4989-B58F-9E78402BC596}.Release|Any CPU.Build.0 = Release|Any CPU
	EndGlobalSection
	GlobalSection(SolutionProperties) = preSolution
		HideSolutionNode = FALSE
	EndGlobalSection
EndGlobal
