
Microsoft Visual Studio Solution File, Format Version 12.00
# Visual Studio Version 17
VisualStudioVersion = 17.12.35707.178 d17.12
MinimumVisualStudioVersion = 10.0.40219.1
Project("{FAE04EC0-301F-11D3-BF4B-00C04F79EFBC}") = "ch10-proj2-personmanager", "ch10-proj2-personmanager.csproj", "{D9DE59C1-7ECB-4AB2-9271-57A87C0FDA78}"
EndProject
Global
	GlobalSection(SolutionConfigurationPlatforms) = preSolution
		Debug|Any CPU = Debug|Any CPU
		Release|Any CPU = Release|Any CPU
	EndGlobalSection
	GlobalSection(ProjectConfigurationPlatforms) = postSolution
		{D9DE59C1-7ECB-4AB2-9271-57A87C0FDA78}.Debug|Any CPU.ActiveCfg = Debug|Any CPU
		{D9DE59C1-7ECB-4AB2-9271-57A87C0FDA78}.Debug|Any CPU.Build.0 = Debug|Any CPU
		{D9DE59C1-7ECB-4AB2-9271-57A87C0FDA78}.Release|Any CPU.ActiveCfg = Release|Any CPU
		{D9DE59C1-7ECB-4AB2-9271-57A87C0FDA78}.Release|Any CPU.Build.0 = Release|Any CPU
	EndGlobalSection
	GlobalSection(SolutionProperties) = preSolution
		HideSolutionNode = FALSE
	EndGlobalSection
EndGlobal
