
Microsoft Visual Studio Solution File, Format Version 12.00
# Visual Studio Version 17
VisualStudioVersion = 17.12.35707.178 d17.12
MinimumVisualStudioVersion = 10.0.40219.1
Project("{FAE04EC0-301F-11D3-BF4B-00C04F79EFBC}") = "ch17-1-productmanager", "ch17-1-productmanager.csproj", "{F641ED90-A7F0-4117-9052-C2237B5D7717}"
EndProject
Global
	GlobalSection(SolutionConfigurationPlatforms) = preSolution
		Debug|Any CPU = Debug|Any CPU
		Release|Any CPU = Release|Any CPU
	EndGlobalSection
	GlobalSection(ProjectConfigurationPlatforms) = postSolution
		{F641ED90-A7F0-4117-9052-C2237B5D7717}.Debug|Any CPU.ActiveCfg = Debug|Any CPU
		{F641ED90-A7F0-4117-9052-C2237B5D7717}.Debug|Any CPU.Build.0 = Debug|Any CPU
		{F641ED90-A7F0-4117-9052-C2237B5D7717}.Release|Any CPU.ActiveCfg = Release|Any CPU
		{F641ED90-A7F0-4117-9052-C2237B5D7717}.Release|Any CPU.Build.0 = Release|Any CPU
	EndGlobalSection
	GlobalSection(SolutionProperties) = preSolution
		HideSolutionNode = FALSE
	EndGlobalSection
EndGlobal
